
Microsoft Visual Studio Solution File, Format Version 12.00
# Visual Studio Version 17
VisualStudioVersion = 17.0.32112.339
MinimumVisualStudioVersion = 10.0.40219.1
Project("{9A19103F-16F7-4668-BE54-9A1E7A4F7556}") = "SMSLite_Portal.Server", "SMSLite_Portal\Server\SMSLite_Portal.Server.csproj", "{455E618B-6FA8-43F6-B6D0-118B5C5C941A}"
EndProject
Project("{9A19103F-16F7-4668-BE54-9A1E7A4F7556}") = "SMSLite_Portal.Client", "SMSLite_Portal\Client\SMSLite_Portal.Client.csproj", "{41597C66-7A79-4CD2-96B2-77A11386FDE2}"
EndProject
Project("{9A19103F-16F7-4668-BE54-9A1E7A4F7556}") = "SMSLite_Portal.Shared", "SMSLite_Portal\Shared\SMSLite_Portal.Shared.csproj", "{57BAB5D2-2843-49F7-A224-32A046A67836}"
EndProject
Global
	GlobalSection(SolutionConfigurationPlatforms) = preSolution
		Debug|Any CPU = Debug|Any CPU
		Release|Any CPU = Release|Any CPU
	EndGlobalSection
	GlobalSection(ProjectConfigurationPlatforms) = postSolution
		{455E618B-6FA8-43F6-B6D0-118B5C5C941A}.Debug|Any CPU.ActiveCfg = Debug|Any CPU
		{455E618B-6FA8-43F6-B6D0-118B5C5C941A}.Debug|Any CPU.Build.0 = Debug|Any CPU
		{455E618B-6FA8-43F6-B6D0-118B5C5C941A}.Release|Any CPU.ActiveCfg = Release|Any CPU
		{455E618B-6FA8-43F6-B6D0-118B5C5C941A}.Release|Any CPU.Build.0 = Release|Any CPU
		{41597C66-7A79-4CD2-96B2-77A11386FDE2}.Debug|Any CPU.ActiveCfg = Debug|Any CPU
		{41597C66-7A79-4CD2-96B2-77A11386FDE2}.Debug|Any CPU.Build.0 = Debug|Any CPU
		{41597C66-7A79-4CD2-96B2-77A11386FDE2}.Release|Any CPU.ActiveCfg = Release|Any CPU
		{41597C66-7A79-4CD2-96B2-77A11386FDE2}.Release|Any CPU.Build.0 = Release|Any CPU
		{57BAB5D2-2843-49F7-A224-32A046A67836}.Debug|Any CPU.ActiveCfg = Debug|Any CPU
		{57BAB5D2-2843-49F7-A224-32A046A67836}.Debug|Any CPU.Build.0 = Debug|Any CPU
		{57BAB5D2-2843-49F7-A224-32A046A67836}.Release|Any CPU.ActiveCfg = Release|Any CPU
		{57BAB5D2-2843-49F7-A224-32A046A67836}.Release|Any CPU.Build.0 = Release|Any CPU
	EndGlobalSection
	GlobalSection(SolutionProperties) = preSolution
		HideSolutionNode = FALSE
	EndGlobalSection
	GlobalSection(ExtensibilityGlobals) = postSolution
		SolutionGuid = {F439AE55-9161-4178-8DE2-28F715CE0E37}
	EndGlobalSection
EndGlobal
